// !$*UTF8*$!
{
	archiveVersion = 1;
	classes = {
	};
	objectVersion = 56;
	objects = {

/* Begin PBXBuildFile section */
		194018162B7DBE3600F9748F /* PipCalcLogic.swift in Sources */ = {isa = PBXBuildFile; fileRef = 194018152B7DBE3600F9748F /* PipCalcLogic.swift */; };
		19D0627B2B7C5A2000CEB574 /* tradingCalcApp.swift in Sources */ = {isa = PBXBuildFile; fileRef = 19D0627A2B7C5A2000CEB574 /* tradingCalcApp.swift */; };
		19D0627D2B7C5A2000CEB574 /* PipCalcView.swift in Sources */ = {isa = PBXBuildFile; fileRef = 19D0627C2B7C5A2000CEB574 /* PipCalcView.swift */; };
		19D0627F2B7C5A2100CEB574 /* Assets.xcassets in Resources */ = {isa = PBXBuildFile; fileRef = 19D0627E2B7C5A2100CEB574 /* Assets.xcassets */; };
		19D062822B7C5A2100CEB574 /* Preview Assets.xcassets in Resources */ = {isa = PBXBuildFile; fileRef = 19D062812B7C5A2100CEB574 /* Preview Assets.xcassets */; };
/* End PBXBuildFile section */

/* Begin PBXFileReference section */
		194018152B7DBE3600F9748F /* PipCalcLogic.swift */ = {isa = PBXFileReference; lastKnownFileType = sourcecode.swift; path = PipCalcLogic.swift; sourceTree = "<group>"; };
		19D062772B7C5A2000CEB574 /* tradingCalc.app */ = {isa = PBXFileReference; explicitFileType = wrapper.application; includeInIndex = 0; path = tradingCalc.app; sourceTree = BUILT_PRODUCTS_DIR; };
		19D0627A2B7C5A2000CEB574 /* tradingCalcApp.swift */ = {isa = PBXFileReference; lastKnownFileType = sourcecode.swift; path = tradingCalcApp.swift; sourceTree = "<group>"; };
		19D0627C2B7C5A2000CEB574 /* PipCalcView.swift */ = {isa = PBXFileReference; lastKnownFileType = sourcecode.swift; path = PipCalcView.swift; sourceTree = "<group>"; };
		19D0627E2B7C5A2100CEB574 /* Assets.xcassets */ = {isa = PBXFileReference; lastKnownFileType = folder.assetcatalog; path = Assets.xcassets; sourceTree = "<group>"; };
		19D062812B7C5A2100CEB574 /* Preview Assets.xcassets */ = {isa = PBXFileReference; lastKnownFileType = folder.assetcatalog; path = "Preview Assets.xcassets"; sourceTree = "<group>"; };
/* End PBXFileReference section */

/* Begin PBXFrameworksBuildPhase section */
		19D062742B7C5A2000CEB574 /* Frameworks */ = {
			isa = PBXFrameworksBuildPhase;
			buildActionMask = 2147483647;
			files = (
			);
			runOnlyForDeploymentPostprocessing = 0;
		};
/* End PBXFrameworksBuildPhase section */

/* Begin PBXGroup section */
		1940180F2B7D317700F9748F /* PipCalc */ = {
			isa = PBXGroup;
			children = (
				194018142B7DBDCF00F9748F /* Model */,
				194018122B7D337700F9748F /* Views */,
				194018132B7D338B00F9748F /* ViewModels */,
				194018152B7DBE3600F9748F /* PipCalcLogic.swift */,
			);
			path = PipCalc;
			sourceTree = "<group>";
		};
		194018102B7D325100F9748F /* Resources */ = {
			isa = PBXGroup;
			children = (
				19D0627E2B7C5A2100CEB574 /* Assets.xcassets */,
			);
			path = Resources;
			sourceTree = "<group>";
		};
		194018112B7D325A00F9748F /* Other */ = {
			isa = PBXGroup;
			children = (
				19D0627A2B7C5A2000CEB574 /* tradingCalcApp.swift */,
			);
			path = Other;
			sourceTree = "<group>";
		};
		194018122B7D337700F9748F /* Views */ = {
			isa = PBXGroup;
			children = (
				19D0627C2B7C5A2000CEB574 /* PipCalcView.swift */,
			);
			path = Views;
			sourceTree = "<group>";
		};
		194018132B7D338B00F9748F /* ViewModels */ = {
			isa = PBXGroup;
			children = (
			);
			path = ViewModels;
			sourceTree = "<group>";
		};
		194018142B7DBDCF00F9748F /* Model */ = {
			isa = PBXGroup;
			children = (
			);
			path = Model;
			sourceTree = "<group>";
		};
		19D0626E2B7C5A2000CEB574 = {
			isa = PBXGroup;
			children = (
				19D062792B7C5A2000CEB574 /* tradingCalc */,
				19D062782B7C5A2000CEB574 /* Products */,
			);
			sourceTree = "<group>";
		};
		19D062782B7C5A2000CEB574 /* Products */ = {
			isa = PBXGroup;
			children = (
				19D062772B7C5A2000CEB574 /* tradingCalc.app */,
			);
			name = Products;
			sourceTree = "<group>";
		};
		19D062792B7C5A2000CEB574 /* tradingCalc */ = {
			isa = PBXGroup;
			children = (
				194018112B7D325A00F9748F /* Other */,
				194018102B7D325100F9748F /* Resources */,
				1940180F2B7D317700F9748F /* PipCalc */,
				19D062802B7C5A2100CEB574 /* Preview Content */,
			);
			path = tradingCalc;
			sourceTree = "<group>";
		};
		19D062802B7C5A2100CEB574 /* Preview Content */ = {
			isa = PBXGroup;
			children = (
				19D062812B7C5A2100CEB574 /* Preview Assets.xcassets */,
			);
			path = "Preview Content";
			sourceTree = "<group>";
		};
/* End PBXGroup section */

/* Begin PBXNativeTarget section */
		19D062762B7C5A2000CEB574 /* tradingCalc */ = {
			isa = PBXNativeTarget;
			buildConfigurationList = 19D062852B7C5A2100CEB574 /* Build configuration list for PBXNativeTarget "tradingCalc" */;
			buildPhases = (
				19D062732B7C5A2000CEB574 /* Sources */,
				19D062742B7C5A2000CEB574 /* Frameworks */,
				19D062752B7C5A2000CEB574 /* Resources */,
			);
			buildRules = (
			);
			dependencies = (
			);
			name = tradingCalc;
			productName = tradingCalc;
			productReference = 19D062772B7C5A2000CEB574 /* tradingCalc.app */;
			productType = "com.apple.product-type.application";
		};
/* End PBXNativeTarget section */

/* Begin PBXProject section */
		19D0626F2B7C5A2000CEB574 /* Project object */ = {
			isa = PBXProject;
			attributes = {
				BuildIndependentTargetsInParallel = 1;
				LastSwiftUpdateCheck = 1500;
				LastUpgradeCheck = 1500;
				TargetAttributes = {
					19D062762B7C5A2000CEB574 = {
						CreatedOnToolsVersion = 15.0;
					};
				};
			};
			buildConfigurationList = 19D062722B7C5A2000CEB574 /* Build configuration list for PBXProject "tradingCalc" */;
			compatibilityVersion = "Xcode 14.0";
			developmentRegion = en;
			hasScannedForEncodings = 0;
			knownRegions = (
				en,
				Base,
			);
			mainGroup = 19D0626E2B7C5A2000CEB574;
			productRefGroup = 19D062782B7C5A2000CEB574 /* Products */;
			projectDirPath = "";
			projectRoot = "";
			targets = (
				19D062762B7C5A2000CEB574 /* tradingCalc */,
			);
		};
/* End PBXProject section */

/* Begin PBXResourcesBuildPhase section */
		19D062752B7C5A2000CEB574 /* Resources */ = {
			isa = PBXResourcesBuildPhase;
			buildActionMask = 2147483647;
			files = (
				19D062822B7C5A2100CEB574 /* Preview Assets.xcassets in Resources */,
				19D0627F2B7C5A2100CEB574 /* Assets.xcassets in Resources */,
			);
			runOnlyForDeploymentPostprocessing = 0;
		};
/* End PBXResourcesBuildPhase section */

/* Begin PBXSourcesBuildPhase section */
		19D062732B7C5A2000CEB574 /* Sources */ = {
			isa = PBXSourcesBuildPhase;
			buildActionMask = 2147483647;
			files = (
				194018162B7DBE3600F9748F /* PipCalcLogic.swift in Sources */,
				19D0627D2B7C5A2000CEB574 /* PipCalcView.swift in Sources */,
				19D0627B2B7C5A2000CEB574 /* tradingCalcApp.swift in Sources */,
			);
			runOnlyForDeploymentPostprocessing = 0;
		};
/* End PBXSourcesBuildPhase section */

/* Begin XCBuildConfiguration section */
		19D062832B7C5A2100CEB574 /* Debug */ = {
			isa = XCBuildConfiguration;
			buildSettings = {
				ALWAYS_SEARCH_USER_PATHS = NO;
				ASSETCATALOG_COMPILER_GENERATE_SWIFT_ASSET_SYMBOL_EXTENSIONS = YES;
				CLANG_ANALYZER_NONNULL = YES;
				CLANG_ANALYZER_NUMBER_OBJECT_CONVERSION = YES_AGGRESSIVE;
				CLANG_CXX_LANGUAGE_STANDARD = "gnu++20";
				CLANG_ENABLE_MODULES = YES;
				CLANG_ENABLE_OBJC_ARC = YES;
				CLANG_ENABLE_OBJC_WEAK = YES;
				CLANG_WARN_BLOCK_CAPTURE_AUTORELEASING = YES;
				CLANG_WARN_BOOL_CONVERSION = YES;
				CLANG_WARN_COMMA = YES;
				CLANG_WARN_CONSTANT_CONVERSION = YES;
				CLANG_WARN_DEPRECATED_OBJC_IMPLEMENTATIONS = YES;
				CLANG_WARN_DIRECT_OBJC_ISA_USAGE = YES_ERROR;
				CLANG_WARN_DOCUMENTATION_COMMENTS = YES;
				CLANG_WARN_EMPTY_BODY = YES;
				CLANG_WARN_ENUM_CONVERSION = YES;
				CLANG_WARN_INFINITE_RECURSION = YES;
				CLANG_WARN_INT_CONVERSION = YES;
				CLANG_WARN_NON_LITERAL_NULL_CONVERSION = YES;
				CLANG_WARN_OBJC_IMPLICIT_RETAIN_SELF = YES;
				CLANG_WARN_OBJC_LITERAL_CONVERSION = YES;
				CLANG_WARN_OBJC_ROOT_CLASS = YES_ERROR;
				CLANG_WARN_QUOTED_INCLUDE_IN_FRAMEWORK_HEADER = YES;
				CLANG_WARN_RANGE_LOOP_ANALYSIS = YES;
				CLANG_WARN_STRICT_PROTOTYPES = YES;
				CLANG_WARN_SUSPICIOUS_MOVE = YES;
				CLANG_WARN_UNGUARDED_AVAILABILITY = YES_AGGRESSIVE;
				CLANG_WARN_UNREACHABLE_CODE = YES;
				CLANG_WARN__DUPLICATE_METHOD_MATCH = YES;
				COPY_PHASE_STRIP = NO;
				DEBUG_INFORMATION_FORMAT = dwarf;
				ENABLE_STRICT_OBJC_MSGSEND = YES;
				ENABLE_TESTABILITY = YES;
				ENABLE_USER_SCRIPT_SANDBOXING = YES;
				GCC_C_LANGUAGE_STANDARD = gnu17;
				GCC_DYNAMIC_NO_PIC = NO;
				GCC_NO_COMMON_BLOCKS = YES;
				GCC_OPTIMIZATION_LEVEL = 0;
				GCC_PREPROCESSOR_DEFINITIONS = (
					"DEBUG=1",
					"$(inherited)",
				);
				GCC_WARN_64_TO_32_BIT_CONVERSION = YES;
				GCC_WARN_ABOUT_RETURN_TYPE = YES_ERROR;
				GCC_WARN_UNDECLARED_SELECTOR = YES;
				GCC_WARN_UNINITIALIZED_AUTOS = YES_AGGRESSIVE;
				GCC_WARN_UNUSED_FUNCTION = YES;
				GCC_WARN_UNUSED_VARIABLE = YES;
				IPHONEOS_DEPLOYMENT_TARGET = 17.0;
				LOCALIZATION_PREFERS_STRING_CATALOGS = YES;
				MTL_ENABLE_DEBUG_INFO = INCLUDE_SOURCE;
				MTL_FAST_MATH = YES;
				ONLY_ACTIVE_ARCH = YES;
				SDKROOT = iphoneos;
				SWIFT_ACTIVE_COMPILATION_CONDITIONS = "DEBUG $(inherited)";
				SWIFT_OPTIMIZATION_LEVEL = "-Onone";
			};
			name = Debug;
		};
		19D062842B7C5A2100CEB574 /* Release */ = {
			isa = XCBuildConfiguration;
			buildSettings = {
				ALWAYS_SEARCH_USER_PATHS = NO;
				ASSETCATALOG_COMPILER_GENERATE_SWIFT_ASSET_SYMBOL_EXTENSIONS = YES;
				CLANG_ANALYZER_NONNULL = YES;
				CLANG_ANALYZER_NUMBER_OBJECT_CONVERSION = YES_AGGRESSIVE;
				CLANG_CXX_LANGUAGE_STANDARD = "gnu++20";
				CLANG_ENABLE_MODULES = YES;
				CLANG_ENABLE_OBJC_ARC = YES;
				CLANG_ENABLE_OBJC_WEAK = YES;
				CLANG_WARN_BLOCK_CAPTURE_AUTORELEASING = YES;
				CLANG_WARN_BOOL_CONVERSION = YES;
				CLANG_WARN_COMMA = YES;
				CLANG_WARN_CONSTANT_CONVERSION = YES;
				CLANG_WARN_DEPRECATED_OBJC_IMPLEMENTATIONS = YES;
				CLANG_WARN_DIRECT_OBJC_ISA_USAGE = YES_ERROR;
				CLANG_WARN_DOCUMENTATION_COMMENTS = YES;
				CLANG_WARN_EMPTY_BODY = YES;
				CLANG_WARN_ENUM_CONVERSION = YES;
				CLANG_WARN_INFINITE_RECURSION = YES;
				CLANG_WARN_INT_CONVERSION = YES;
				CLANG_WARN_NON_LITERAL_NULL_CONVERSION = YES;
				CLANG_WARN_OBJC_IMPLICIT_RETAIN_SELF = YES;
				CLANG_WARN_OBJC_LITERAL_CONVERSION = YES;
				CLANG_WARN_OBJC_ROOT_CLASS = YES_ERROR;
				CLANG_WARN_QUOTED_INCLUDE_IN_FRAMEWORK_HEADER = YES;
				CLANG_WARN_RANGE_LOOP_ANALYSIS = YES;
				CLANG_WARN_STRICT_PROTOTYPES = YES;
				CLANG_WARN_SUSPICIOUS_MOVE = YES;
				CLANG_WARN_UNGUARDED_AVAILABILITY = YES_AGGRESSIVE;
				CLANG_WARN_UNREACHABLE_CODE = YES;
				CLANG_WARN__DUPLICATE_METHOD_MATCH = YES;
				COPY_PHASE_STRIP = NO;
				DEBUG_INFORMATION_FORMAT = "dwarf-with-dsym";
				ENABLE_NS_ASSERTIONS = NO;
				ENABLE_STRICT_OBJC_MSGSEND = YES;
				ENABLE_USER_SCRIPT_SANDBOXING = YES;
				GCC_C_LANGUAGE_STANDARD = gnu17;
				GCC_NO_COMMON_BLOCKS = YES;
				GCC_WARN_64_TO_32_BIT_CONVERSION = YES;
				GCC_WARN_ABOUT_RETURN_TYPE = YES_ERROR;
				GCC_WARN_UNDECLARED_SELECTOR = YES;
				GCC_WARN_UNINITIALIZED_AUTOS = YES_AGGRESSIVE;
				GCC_WARN_UNUSED_FUNCTION = YES;
				GCC_WARN_UNUSED_VARIABLE = YES;
				IPHONEOS_DEPLOYMENT_TARGET = 17.0;
				LOCALIZATION_PREFERS_STRING_CATALOGS = YES;
				MTL_ENABLE_DEBUG_INFO = NO;
				MTL_FAST_MATH = YES;
				SDKROOT = iphoneos;
				SWIFT_COMPILATION_MODE = wholemodule;
				VALIDATE_PRODUCT = YES;
			};
			name = Release;
		};
		19D062862B7C5A2100CEB574 /* Debug */ = {
			isa = XCBuildConfiguration;
			buildSettings = {
				ASSETCATALOG_COMPILER_APPICON_NAME = AppIcon;
				ASSETCATALOG_COMPILER_GLOBAL_ACCENT_COLOR_NAME = AccentColor;
				CODE_SIGN_STYLE = Automatic;
				CURRENT_PROJECT_VERSION = 1;
				DEVELOPMENT_ASSET_PATHS = "\"tradingCalc/Preview Content\"";
				DEVELOPMENT_TEAM = A9BV9T2CMG;
				ENABLE_PREVIEWS = YES;
				GENERATE_INFOPLIST_FILE = YES;
				INFOPLIST_KEY_UIApplicationSceneManifest_Generation = YES;
				INFOPLIST_KEY_UIApplicationSupportsIndirectInputEvents = YES;
				INFOPLIST_KEY_UILaunchScreen_Generation = YES;
				INFOPLIST_KEY_UISupportedInterfaceOrientations_iPad = "UIInterfaceOrientationPortrait UIInterfaceOrientationPortraitUpsideDown UIInterfaceOrientationLandscapeLeft UIInterfaceOrientationLandscapeRight";
				INFOPLIST_KEY_UISupportedInterfaceOrientations_iPhone = "UIInterfaceOrientationPortrait UIInterfaceOrientationLandscapeLeft UIInterfaceOrientationLandscapeRight";
				LD_RUNPATH_SEARCH_PATHS = (
					"$(inherited)",
					"@executable_path/Frameworks",
				);
				MARKETING_VERSION = 1.0;
				PRODUCT_BUNDLE_IDENTIFIER = me.samith.tradingCalc;
				PRODUCT_NAME = "$(TARGET_NAME)";
				SWIFT_EMIT_LOC_STRINGS = YES;
				SWIFT_VERSION = 5.0;
				TARGETED_DEVICE_FAMILY = "1,2";
			};
			name = Debug;
		};
		19D062872B7C5A2100CEB574 /* Release */ = {
			isa = XCBuildConfiguration;
			buildSettings = {
				ASSETCATALOG_COMPILER_APPICON_NAME = AppIcon;
				ASSETCATALOG_COMPILER_GLOBAL_ACCENT_COLOR_NAME = AccentColor;
				CODE_SIGN_STYLE = Automatic;
				CURRENT_PROJECT_VERSION = 1;
				DEVELOPMENT_ASSET_PATHS = "\"tradingCalc/Preview Content\"";
				DEVELOPMENT_TEAM = A9BV9T2CMG;
				ENABLE_PREVIEWS = YES;
				GENERATE_INFOPLIST_FILE = YES;
				INFOPLIST_KEY_UIApplicationSceneManifest_Generation = YES;
				INFOPLIST_KEY_UIApplicationSupportsIndirectInputEvents = YES;
				INFOPLIST_KEY_UILaunchScreen_Generation = YES;
				INFOPLIST_KEY_UISupportedInterfaceOrientations_iPad = "UIInterfaceOrientationPortrait UIInterfaceOrientationPortraitUpsideDown UIInterfaceOrientationLandscapeLeft UIInterfaceOrientationLandscapeRight";
				INFOPLIST_KEY_UISupportedInterfaceOrientations_iPhone = "UIInterfaceOrientationPortrait UIInterfaceOrientationLandscapeLeft UIInterfaceOrientationLandscapeRight";
				LD_RUNPATH_SEARCH_PATHS = (
					"$(inherited)",
					"@executable_path/Frameworks",
				);
				MARKETING_VERSION = 1.0;
				PRODUCT_BUNDLE_IDENTIFIER = me.samith.tradingCalc;
				PRODUCT_NAME = "$(TARGET_NAME)";
				SWIFT_EMIT_LOC_STRINGS = YES;
				SWIFT_VERSION = 5.0;
				TARGETED_DEVICE_FAMILY = "1,2";
			};
			name = Release;
		};
/* End XCBuildConfiguration section */

/* Begin XCConfigurationList section */
		19D062722B7C5A2000CEB574 /* Build configuration list for PBXProject "tradingCalc" */ = {
			isa = XCConfigurationList;
			buildConfigurations = (
				19D062832B7C5A2100CEB574 /* Debug */,
				19D062842B7C5A2100CEB574 /* Release */,
			);
			defaultConfigurationIsVisible = 0;
			defaultConfigurationName = Release;
		};
		19D062852B7C5A2100CEB574 /* Build configuration list for PBXNativeTarget "tradingCalc" */ = {
			isa = XCConfigurationList;
			buildConfigurations = (
				19D062862B7C5A2100CEB574 /* Debug */,
				19D062872B7C5A2100CEB574 /* Release */,
			);
			defaultConfigurationIsVisible = 0;
			defaultConfigurationName = Release;
		};
/* End XCConfigurationList section */
	};
	rootObject = 19D0626F2B7C5A2000CEB574 /* Project object */;
}
